PODS:
  - Flutter (1.0.0)
  - integration_test (0.0.1):
    - Flutter
  - noon_payments (0.0.1):
    - Flutter

DEPENDENCIES:
  - Flutter (from `Flutter`)
  - integration_test (from `.symlinks/plugins/integration_test/ios`)
  - noon_payments (from `.symlinks/plugins/noon_payments/ios`)

EXTERNAL SOURCES:
  Flutter:
    :path: Flutter
  integration_test:
    :path: ".symlinks/plugins/integration_test/ios"
  noon_payments:
    :path: ".symlinks/plugins/noon_payments/ios"

SPEC CHECKSUMS:
  Flutter: cabc95a1d2626b1b06e7179b784ebcf0c0cde467
  integration_test: 4a889634ef21a45d28d50d622cf412dc6d9f586e
  noon_payments: 78f8a23e46622bbc247669e7ab5ab3fe0330a9b1

PODFILE CHECKSUM: 3c63482e143d1b91d2d2560aee9fb04ecc74ac7e

COCOAPODS: 1.16.2
