PODS:
  - Flutter (1.0.0)
  - integration_test (0.0.1):
    - Flutter
  - noon_payments (1.0.1+1):
    - Flutter

DEPENDENCIES:
  - Flutter (from `Flutter`)
  - integration_test (from `.symlinks/plugins/integration_test/ios`)
  - noon_payments (from `.symlinks/plugins/noon_payments/ios`)

EXTERNAL SOURCES:
  Flutter:
    :path: Flutter
  integration_test:
    :path: ".symlinks/plugins/integration_test/ios"
  noon_payments:
    :path: ".symlinks/plugins/noon_payments/ios"

SPEC CHECKSUMS:
  Flutter: cabc95a1d2626b1b06e7179b784ebcf0c0cde467
  integration_test: 4a889634ef21a45d28d50d622cf412dc6d9f586e
  noon_payments: f10b01e79b02afd6702aa093fae9a5dfd11f1d36

PODFILE CHECKSUM: f8c2dcdfb50bb67645580d28a6bf814fca30bdec

COCOAPODS: 1.16.2
